
Microsoft Visual Studio Solution File, Format Version 12.00
# Visual Studio 15
VisualStudioVersion = 15.0.27703.2035
MinimumVisualStudioVersion = 10.0.40219.1
Project("{2150E333-8FDC-42A3-9474-1A3956D46DE8}") = "Web", "Web", "{11AD2908-AFDF-44D0-B5F4-145D58A1FA34}"
EndProject
Project("{FAE04EC0-301F-11D3-BF4B-00C04F79EFBC}") = "MVC5-Template.Web", "Web\MVC5-Template.Web\MVC5-Template.Web.csproj", "{D67C72CF-5A14-48C6-91D9-7C1C018B2640}"
EndProject
Project("{2150E333-8FDC-42A3-9474-1A3956D46DE8}") = "Persistence", "Persistence", "{FDB0F007-A0CC-4A0F-8C8A-ACE4FE1BD68E}"
EndProject
Project("{FAE04EC0-301F-11D3-BF4B-00C04F79EFBC}") = "MVC5-Template.Persistence.Data", "Persistence\MVC5-Template.Persistence.Data\MVC5-Template.Persistence.Data.csproj", "{04DA47A6-DD31-4DF9-861D-304D77A37612}"
EndProject
Project("{2150E333-8FDC-42A3-9474-1A3956D46DE8}") = "Auth", "Auth", "{72257152-7D20-4331-8B17-3B9F91482871}"
EndProject
Project("{FAE04EC0-301F-11D3-BF4B-00C04F79EFBC}") = "MVC5-Template.Auth", "Auth\MVC5-Template.Auth\MVC5-Template.Auth.csproj", "{9C8EF088-F906-4B2D-848B-1C18FBAC4C17}"
EndProject
Project("{2150E333-8FDC-42A3-9474-1A3956D46DE8}") = "Core", "Core", "{CB9637AF-0730-46D8-AD1D-DE399EA2D4C1}"
EndProject
Project("{FAE04EC0-301F-11D3-BF4B-00C04F79EFBC}") = "MVC5-Template.Core.Models", "Core\MVC5-Template.Core.Models\MVC5-Template.Core.Models.csproj", "{3BA91D28-1029-4C19-8FC3-BC89F2C95093}"
EndProject
Project("{FAE04EC0-301F-11D3-BF4B-00C04F79EFBC}") = "MVC5-Template.Core", "Core\MVC5-Template.Core\MVC5-Template.Core.csproj", "{CDB647AE-B0B1-41AA-AB70-E56C0153BA09}"
EndProject
Project("{FAE04EC0-301F-11D3-BF4B-00C04F79EFBC}") = "MVC5-Template.Web.Infrastructure", "Web\MVC5-Template.Web.Infrastructure\MVC5-Template.Web.Infrastructure.csproj", "{2E569551-257B-4856-847B-8063A8016D11}"
EndProject
Global
	GlobalSection(SolutionConfigurationPlatforms) = preSolution
		Debug|Any CPU = Debug|Any CPU
		Release|Any CPU = Release|Any CPU
	EndGlobalSection
	GlobalSection(ProjectConfigurationPlatforms) = postSolution
		{D67C72CF-5A14-48C6-91D9-7C1C018B2640}.Debug|Any CPU.ActiveCfg = Debug|Any CPU
		{D67C72CF-5A14-48C6-91D9-7C1C018B2640}.Debug|Any CPU.Build.0 = Debug|Any CPU
		{D67C72CF-5A14-48C6-91D9-7C1C018B2640}.Release|Any CPU.ActiveCfg = Release|Any CPU
		{D67C72CF-5A14-48C6-91D9-7C1C018B2640}.Release|Any CPU.Build.0 = Release|Any CPU
		{04DA47A6-DD31-4DF9-861D-304D77A37612}.Debug|Any CPU.ActiveCfg = Debug|Any CPU
		{04DA47A6-DD31-4DF9-861D-304D77A37612}.Debug|Any CPU.Build.0 = Debug|Any CPU
		{04DA47A6-DD31-4DF9-861D-304D77A37612}.Release|Any CPU.ActiveCfg = Release|Any CPU
		{04DA47A6-DD31-4DF9-861D-304D77A37612}.Release|Any CPU.Build.0 = Release|Any CPU
		{9C8EF088-F906-4B2D-848B-1C18FBAC4C17}.Debug|Any CPU.ActiveCfg = Debug|Any CPU
		{9C8EF088-F906-4B2D-848B-1C18FBAC4C17}.Debug|Any CPU.Build.0 = Debug|Any CPU
		{9C8EF088-F906-4B2D-848B-1C18FBAC4C17}.Release|Any CPU.ActiveCfg = Release|Any CPU
		{9C8EF088-F906-4B2D-848B-1C18FBAC4C17}.Release|Any CPU.Build.0 = Release|Any CPU
		{3BA91D28-1029-4C19-8FC3-BC89F2C95093}.Debug|Any CPU.ActiveCfg = Debug|Any CPU
		{3BA91D28-1029-4C19-8FC3-BC89F2C95093}.Debug|Any CPU.Build.0 = Debug|Any CPU
		{3BA91D28-1029-4C19-8FC3-BC89F2C95093}.Release|Any CPU.ActiveCfg = Release|Any CPU
		{3BA91D28-1029-4C19-8FC3-BC89F2C95093}.Release|Any CPU.Build.0 = Release|Any CPU
		{CDB647AE-B0B1-41AA-AB70-E56C0153BA09}.Debug|Any CPU.ActiveCfg = Debug|Any CPU
		{CDB647AE-B0B1-41AA-AB70-E56C0153BA09}.Debug|Any CPU.Build.0 = Debug|Any CPU
		{CDB647AE-B0B1-41AA-AB70-E56C0153BA09}.Release|Any CPU.ActiveCfg = Release|Any CPU
		{CDB647AE-B0B1-41AA-AB70-E56C0153BA09}.Release|Any CPU.Build.0 = Release|Any CPU
		{2E569551-257B-4856-847B-8063A8016D11}.Debug|Any CPU.ActiveCfg = Debug|Any CPU
		{2E569551-257B-4856-847B-8063A8016D11}.Debug|Any CPU.Build.0 = Debug|Any CPU
		{2E569551-257B-4856-847B-8063A8016D11}.Release|Any CPU.ActiveCfg = Release|Any CPU
		{2E569551-257B-4856-847B-8063A8016D11}.Release|Any CPU.Build.0 = Release|Any CPU
	EndGlobalSection
	GlobalSection(SolutionProperties) = preSolution
		HideSolutionNode = FALSE
	EndGlobalSection
	GlobalSection(NestedProjects) = preSolution
		{D67C72CF-5A14-48C6-91D9-7C1C018B2640} = {11AD2908-AFDF-44D0-B5F4-145D58A1FA34}
		{04DA47A6-DD31-4DF9-861D-304D77A37612} = {FDB0F007-A0CC-4A0F-8C8A-ACE4FE1BD68E}
		{9C8EF088-F906-4B2D-848B-1C18FBAC4C17} = {72257152-7D20-4331-8B17-3B9F91482871}
		{3BA91D28-1029-4C19-8FC3-BC89F2C95093} = {CB9637AF-0730-46D8-AD1D-DE399EA2D4C1}
		{CDB647AE-B0B1-41AA-AB70-E56C0153BA09} = {CB9637AF-0730-46D8-AD1D-DE399EA2D4C1}
		{2E569551-257B-4856-847B-8063A8016D11} = {11AD2908-AFDF-44D0-B5F4-145D58A1FA34}
	EndGlobalSection
	GlobalSection(ExtensibilityGlobals) = postSolution
		SolutionGuid = {2DC9F2E4-2B9F-498C-A8EC-838378CD3F34}
	EndGlobalSection
EndGlobal
